PODS:
  - audio_session (0.0.1):
    - Flutter
  - cloud_kit (0.0.1):
    - Flutter
  - file_picker (0.0.1):
    - Flutter
  - Flutter (1.0.0)
  - flutter_native_splash (2.4.3):
    - Flutter
  - fluttertoast (0.0.2):
    - Flutter
    - Toast
  - just_audio (0.0.1):
    - Flutter
  - MTBBarcodeScanner (5.0.11)
  - package_info_plus (0.4.5):
    - Flutter
  - path_provider_foundation (0.0.1):
    - Flutter
    - FlutterMacOS
  - qr_code_scanner (0.2.0):
    - Flutter
    - MTBBarcodeScanner
  - share_plus (0.0.1):
    - Flutter
  - Toast (4.0.0)
  - UMCCommonLog (2.0.2)
  - UMCommon (7.3.6):
    - UMDevice
  - UMDevice (2.2.1)
  - umeng_common_sdk (0.0.1):
    - Flutter
    - UMCommon
    - UMDevice
  - umeng_push_sdk (0.0.1):
    - Flutter
    - UMCCommonLog
    - UMCommon
    - UMDevice
    - UMPush
  - UMPush (4.0.3):
    - UMCommon
  - url_launcher_ios (0.0.1):
    - Flutter

DEPENDENCIES:
  - audio_session (from `.symlinks/plugins/audio_session/ios`)
  - cloud_kit (from `.symlinks/plugins/cloud_kit/ios`)
  - file_picker (from `.symlinks/plugins/file_picker/ios`)
  - Flutter (from `Flutter`)
  - flutter_native_splash (from `.symlinks/plugins/flutter_native_splash/ios`)
  - fluttertoast (from `.symlinks/plugins/fluttertoast/ios`)
  - just_audio (from `.symlinks/plugins/just_audio/ios`)
  - package_info_plus (from `.symlinks/plugins/package_info_plus/ios`)
  - path_provider_foundation (from `.symlinks/plugins/path_provider_foundation/darwin`)
  - qr_code_scanner (from `.symlinks/plugins/qr_code_scanner/ios`)
  - share_plus (from `.symlinks/plugins/share_plus/ios`)
  - umeng_common_sdk (from `.symlinks/plugins/umeng_common_sdk/ios`)
  - umeng_push_sdk (from `.symlinks/plugins/umeng_push_sdk/ios`)
  - url_launcher_ios (from `.symlinks/plugins/url_launcher_ios/ios`)

SPEC REPOS:
  trunk:
    - MTBBarcodeScanner
    - Toast
    - UMCCommonLog
    - UMCommon
    - UMDevice
    - UMPush

EXTERNAL SOURCES:
  audio_session:
    :path: ".symlinks/plugins/audio_session/ios"
  cloud_kit:
    :path: ".symlinks/plugins/cloud_kit/ios"
  file_picker:
    :path: ".symlinks/plugins/file_picker/ios"
  Flutter:
    :path: Flutter
  flutter_native_splash:
    :path: ".symlinks/plugins/flutter_native_splash/ios"
  fluttertoast:
    :path: ".symlinks/plugins/fluttertoast/ios"
  just_audio:
    :path: ".symlinks/plugins/just_audio/ios"
  package_info_plus:
    :path: ".symlinks/plugins/package_info_plus/ios"
  path_provider_foundation:
    :path: ".symlinks/plugins/path_provider_foundation/darwin"
  qr_code_scanner:
    :path: ".symlinks/plugins/qr_code_scanner/ios"
  share_plus:
    :path: ".symlinks/plugins/share_plus/ios"
  umeng_common_sdk:
    :path: ".symlinks/plugins/umeng_common_sdk/ios"
  umeng_push_sdk:
    :path: ".symlinks/plugins/umeng_push_sdk/ios"
  url_launcher_ios:
    :path: ".symlinks/plugins/url_launcher_ios/ios"

SPEC CHECKSUMS:
  audio_session: 088d2483ebd1dc43f51d253d4a1c517d9a2e7207
  cloud_kit: 09580108aedda41b646dd12c1610f8b45d08e3ee
  file_picker: 1d63c4949e05e386da864365f8c13e1e64787675
  Flutter: e0871f40cf51350855a761d2e70bf5af5b9b5de7
  flutter_native_splash: e8a1e01082d97a8099d973f919f57904c925008a
  fluttertoast: 723e187574b149e68e63ca4d39b837586b903cfa
  just_audio: baa7252489dbcf47a4c7cc9ca663e9661c99aafa
  MTBBarcodeScanner: f453b33c4b7dfe545d8c6484ed744d55671788cb
  package_info_plus: 115f4ad11e0698c8c1c5d8a689390df880f47e85
  path_provider_foundation: 2b6b4c569c0fb62ec74538f866245ac84301af46
  qr_code_scanner: bb67d64904c3b9658ada8c402e8b4d406d5d796e
  share_plus: c3fef564749587fc939ef86ffb283ceac0baf9f5
  Toast: 91b396c56ee72a5790816f40d3a94dd357abc196
  UMCCommonLog: bea707e50c85cef4b0eb47cc5c7226bb843245ca
  UMCommon: c61df8457c275afd4f8a2fca10c7446d66220ac0
  UMDevice: 053478c4b4d7292f31f0a275c227d3c4007a5571
  umeng_common_sdk: a8abd7f86dfd013dbbeeae587ee143760c6582f2
  umeng_push_sdk: ec5a07d1b752e3910bd0679cc9e65c29032319ce
  UMPush: a517cd5907eb10669ce6cf2e6c0dfe40be84b6b5
  url_launcher_ios: 5334b05cef931de560670eeae103fd3e431ac3fe

PODFILE CHECKSUM: 6a36c1f60536eb14fd8c543d7d963bfcab36bd9e

COCOAPODS: 1.11.3
